
Microsoft Visual Studio Solution File, Format Version 12.00
# Visual Studio Version 17
VisualStudioVersion = 17.6.33801.468
MinimumVisualStudioVersion = 10.0.40219.1
Project("{FAE04EC0-301F-11D3-BF4B-00C04F79EFBC}") = "CoreDeneme", "CoreDeneme\CoreDeneme.csproj", "{2F75DDCC-3260-4EC6-8F5D-CE48CEA2214B}"
EndProject
Project("{FAE04EC0-301F-11D3-BF4B-00C04F79EFBC}") = "BusinessLayer", "BusinessLayer\BusinessLayer.csproj", "{CB1E9038-B6A7-481B-9464-BC0D33309A05}"
EndProject
Project("{FAE04EC0-301F-11D3-BF4B-00C04F79EFBC}") = "EntityLayer", "EntityLayer\EntityLayer.csproj", "{61110FE9-C262-4191-B2C9-ADA116EE0B22}"
EndProject
Project("{FAE04EC0-301F-11D3-BF4B-00C04F79EFBC}") = "DataAccessLayer", "DataAccessLayer\DataAccessLayer.csproj", "{C6E7D0ED-1FA1-4CC6-A68E-9D6EDBDE3D03}"
EndProject
Project("{FAE04EC0-301F-11D3-BF4B-00C04F79EFBC}") = "CoreLayer", "CoreLayer\CoreLayer.csproj", "{FE8E283F-2E2F-4DBE-949F-79F179D9561F}"
EndProject
Global
	GlobalSection(SolutionConfigurationPlatforms) = preSolution
		Debug|Any CPU = Debug|Any CPU
		Release|Any CPU = Release|Any CPU
	EndGlobalSection
	GlobalSection(ProjectConfigurationPlatforms) = postSolution
		{2F75DDCC-3260-4EC6-8F5D-CE48CEA2214B}.Debug|Any CPU.ActiveCfg = Debug|Any CPU
		{2F75DDCC-3260-4EC6-8F5D-CE48CEA2214B}.Debug|Any CPU.Build.0 = Debug|Any CPU
		{2F75DDCC-3260-4EC6-8F5D-CE48CEA2214B}.Release|Any CPU.ActiveCfg = Release|Any CPU
		{2F75DDCC-3260-4EC6-8F5D-CE48CEA2214B}.Release|Any CPU.Build.0 = Release|Any CPU
		{CB1E9038-B6A7-481B-9464-BC0D33309A05}.Debug|Any CPU.ActiveCfg = Debug|Any CPU
		{CB1E9038-B6A7-481B-9464-BC0D33309A05}.Debug|Any CPU.Build.0 = Debug|Any CPU
		{CB1E9038-B6A7-481B-9464-BC0D33309A05}.Release|Any CPU.ActiveCfg = Release|Any CPU
		{CB1E9038-B6A7-481B-9464-BC0D33309A05}.Release|Any CPU.Build.0 = Release|Any CPU
		{61110FE9-C262-4191-B2C9-ADA116EE0B22}.Debug|Any CPU.ActiveCfg = Debug|Any CPU
		{61110FE9-C262-4191-B2C9-ADA116EE0B22}.Debug|Any CPU.Build.0 = Debug|Any CPU
		{61110FE9-C262-4191-B2C9-ADA116EE0B22}.Release|Any CPU.ActiveCfg = Release|Any CPU
		{61110FE9-C262-4191-B2C9-ADA116EE0B22}.Release|Any CPU.Build.0 = Release|Any CPU
		{C6E7D0ED-1FA1-4CC6-A68E-9D6EDBDE3D03}.Debug|Any CPU.ActiveCfg = Debug|Any CPU
		{C6E7D0ED-1FA1-4CC6-A68E-9D6EDBDE3D03}.Debug|Any CPU.Build.0 = Debug|Any CPU
		{C6E7D0ED-1FA1-4CC6-A68E-9D6EDBDE3D03}.Release|Any CPU.ActiveCfg = Release|Any CPU
		{C6E7D0ED-1FA1-4CC6-A68E-9D6EDBDE3D03}.Release|Any CPU.Build.0 = Release|Any CPU
		{FE8E283F-2E2F-4DBE-949F-79F179D9561F}.Debug|Any CPU.ActiveCfg = Debug|Any CPU
		{FE8E283F-2E2F-4DBE-949F-79F179D9561F}.Debug|Any CPU.Build.0 = Debug|Any CPU
		{FE8E283F-2E2F-4DBE-949F-79F179D9561F}.Release|Any CPU.ActiveCfg = Release|Any CPU
		{FE8E283F-2E2F-4DBE-949F-79F179D9561F}.Release|Any CPU.Build.0 = Release|Any CPU
	EndGlobalSection
	GlobalSection(SolutionProperties) = preSolution
		HideSolutionNode = FALSE
	EndGlobalSection
	GlobalSection(ExtensibilityGlobals) = postSolution
		SolutionGuid = {3D64E08A-87B3-4B2C-BC19-F1A163A9CAC5}
	EndGlobalSection
EndGlobal
